
Microsoft Visual Studio Solution File, Format Version 12.00
# Visual Studio Version 17
VisualStudioVersion = 17.3.32819.101
MinimumVisualStudioVersion = 10.0.40219.1
Project("{2150E333-8FDC-42A3-9474-1A3956D46DE8}") = "Services", "Services", "{9731BB4E-653D-4752-A60F-211AD0F26C7B}"
EndProject
Project("{9A19103F-16F7-4668-BE54-9A1E7A4F7556}") = "PlatformService", "Services\PlatformService\PlatformService.csproj", "{C516C898-7F84-49FC-B80D-8D225CBD9757}"
EndProject
Global
	GlobalSection(SolutionConfigurationPlatforms) = preSolution
		Debug|Any CPU = Debug|Any CPU
		Release|Any CPU = Release|Any CPU
	EndGlobalSection
	GlobalSection(ProjectConfigurationPlatforms) = postSolution
		{C516C898-7F84-49FC-B80D-8D225CBD9757}.Debug|Any CPU.ActiveCfg = Debug|Any CPU
		{C516C898-7F84-49FC-B80D-8D225CBD9757}.Debug|Any CPU.Build.0 = Debug|Any CPU
		{C516C898-7F84-49FC-B80D-8D225CBD9757}.Release|Any CPU.ActiveCfg = Release|Any CPU
		{C516C898-7F84-49FC-B80D-8D225CBD9757}.Release|Any CPU.Build.0 = Release|Any CPU
	EndGlobalSection
	GlobalSection(SolutionProperties) = preSolution
		HideSolutionNode = FALSE
	EndGlobalSection
	GlobalSection(NestedProjects) = preSolution
		{C516C898-7F84-49FC-B80D-8D225CBD9757} = {9731BB4E-653D-4752-A60F-211AD0F26C7B}
	EndGlobalSection
	GlobalSection(ExtensibilityGlobals) = postSolution
		SolutionGuid = {0392D534-940E-46E8-B3FE-CDC52F446739}
	EndGlobalSection
EndGlobal
